// !$*UTF8*$!
{
	archiveVersion = 1;
	classes = {
	};
	objectVersion = 56;
	objects = {

/* Begin PBXBuildFile section */
		93CA9E8329DBCEDD00A7441D /* ReadlyApp.swift in Sources */ = {isa = PBXBuildFile; fileRef = 93CA9E8229DBCEDD00A7441D /* ReadlyApp.swift */; };
		93CA9E8529DBCEDD00A7441D /* ContentView.swift in Sources */ = {isa = PBXBuildFile; fileRef = 93CA9E8429DBCEDD00A7441D /* ContentView.swift */; };
		93CA9E8729DBCEDE00A7441D /* Assets.xcassets in Resources */ = {isa = PBXBuildFile; fileRef = 93CA9E8629DBCEDE00A7441D /* Assets.xcassets */; };
		93CA9E8A29DBCEDE00A7441D /* Preview Assets.xcassets in Resources */ = {isa = PBXBuildFile; fileRef = 93CA9E8929DBCEDE00A7441D /* Preview Assets.xcassets */; };
		93CA9E9329DBD0A800A7441D /* ChallengeListView.swift in Sources */ = {isa = PBXBuildFile; fileRef = 93CA9E9229DBD0A800A7441D /* ChallengeListView.swift */; };
		93CA9E9A29DBD58900A7441D /* SummaryView.swift in Sources */ = {isa = PBXBuildFile; fileRef = 93CA9E9929DBD58900A7441D /* SummaryView.swift */; };
		93CA9E9F29DBDAE000A7441D /* ChallengeRowCardItem.swift in Sources */ = {isa = PBXBuildFile; fileRef = 93CA9E9E29DBDAE000A7441D /* ChallengeRowCardItem.swift */; };
		93CA9EA529DBDBD900A7441D /* Space.swift in Sources */ = {isa = PBXBuildFile; fileRef = 93CA9EA429DBDBD900A7441D /* Space.swift */; };
		93CA9EA729DBDC0400A7441D /* Shape.swift in Sources */ = {isa = PBXBuildFile; fileRef = 93CA9EA629DBDC0400A7441D /* Shape.swift */; };
		93CA9EAA29DBE3DF00A7441D /* ChallengeDetailView.swift in Sources */ = {isa = PBXBuildFile; fileRef = 93CA9EA929DBE3DF00A7441D /* ChallengeDetailView.swift */; };
		93CA9EAD29DBE58700A7441D /* LinearProgressIndicator.swift in Sources */ = {isa = PBXBuildFile; fileRef = 93CA9EAC29DBE58700A7441D /* LinearProgressIndicator.swift */; };
		93CA9EB129DC62DA00A7441D /* ChallengeModel.swift in Sources */ = {isa = PBXBuildFile; fileRef = 93CA9EB029DC62DA00A7441D /* ChallengeModel.swift */; };
		93E54DCC29DD057E00F725AC /* ObservableScrollView.swift in Sources */ = {isa = PBXBuildFile; fileRef = 93E54DCB29DD057E00F725AC /* ObservableScrollView.swift */; };
		93E54DCE29DD191400F725AC /* ChallengeAddProgressSheet.swift in Sources */ = {isa = PBXBuildFile; fileRef = 93E54DCD29DD191400F725AC /* ChallengeAddProgressSheet.swift */; };
/* End PBXBuildFile section */

/* Begin PBXFileReference section */
		93CA9E7F29DBCEDD00A7441D /* Readly.app */ = {isa = PBXFileReference; explicitFileType = wrapper.application; includeInIndex = 0; path = Readly.app; sourceTree = BUILT_PRODUCTS_DIR; };
		93CA9E8229DBCEDD00A7441D /* ReadlyApp.swift */ = {isa = PBXFileReference; lastKnownFileType = sourcecode.swift; path = ReadlyApp.swift; sourceTree = "<group>"; };
		93CA9E8429DBCEDD00A7441D /* ContentView.swift */ = {isa = PBXFileReference; lastKnownFileType = sourcecode.swift; path = ContentView.swift; sourceTree = "<group>"; };
		93CA9E8629DBCEDE00A7441D /* Assets.xcassets */ = {isa = PBXFileReference; lastKnownFileType = folder.assetcatalog; path = Assets.xcassets; sourceTree = "<group>"; };
		93CA9E8929DBCEDE00A7441D /* Preview Assets.xcassets */ = {isa = PBXFileReference; lastKnownFileType = folder.assetcatalog; path = "Preview Assets.xcassets"; sourceTree = "<group>"; };
		93CA9E9229DBD0A800A7441D /* ChallengeListView.swift */ = {isa = PBXFileReference; lastKnownFileType = sourcecode.swift; path = ChallengeListView.swift; sourceTree = "<group>"; };
		93CA9E9929DBD58900A7441D /* SummaryView.swift */ = {isa = PBXFileReference; lastKnownFileType = sourcecode.swift; path = SummaryView.swift; sourceTree = "<group>"; };
		93CA9E9E29DBDAE000A7441D /* ChallengeRowCardItem.swift */ = {isa = PBXFileReference; lastKnownFileType = sourcecode.swift; path = ChallengeRowCardItem.swift; sourceTree = "<group>"; };
		93CA9EA429DBDBD900A7441D /* Space.swift */ = {isa = PBXFileReference; lastKnownFileType = sourcecode.swift; path = Space.swift; sourceTree = "<group>"; };
		93CA9EA629DBDC0400A7441D /* Shape.swift */ = {isa = PBXFileReference; lastKnownFileType = sourcecode.swift; path = Shape.swift; sourceTree = "<group>"; };
		93CA9EA929DBE3DF00A7441D /* ChallengeDetailView.swift */ = {isa = PBXFileReference; lastKnownFileType = sourcecode.swift; path = ChallengeDetailView.swift; sourceTree = "<group>"; };
		93CA9EAC29DBE58700A7441D /* LinearProgressIndicator.swift */ = {isa = PBXFileReference; lastKnownFileType = sourcecode.swift; path = LinearProgressIndicator.swift; sourceTree = "<group>"; };
		93CA9EB029DC62DA00A7441D /* ChallengeModel.swift */ = {isa = PBXFileReference; lastKnownFileType = sourcecode.swift; path = ChallengeModel.swift; sourceTree = "<group>"; };
		93E54DCB29DD057E00F725AC /* ObservableScrollView.swift */ = {isa = PBXFileReference; lastKnownFileType = sourcecode.swift; path = ObservableScrollView.swift; sourceTree = "<group>"; };
		93E54DCD29DD191400F725AC /* ChallengeAddProgressSheet.swift */ = {isa = PBXFileReference; lastKnownFileType = sourcecode.swift; path = ChallengeAddProgressSheet.swift; sourceTree = "<group>"; };
/* End PBXFileReference section */

/* Begin PBXFrameworksBuildPhase section */
		93CA9E7C29DBCEDD00A7441D /* Frameworks */ = {
			isa = PBXFrameworksBuildPhase;
			buildActionMask = 2147483647;
			files = (
			);
			runOnlyForDeploymentPostprocessing = 0;
		};
/* End PBXFrameworksBuildPhase section */

/* Begin PBXGroup section */
		93CA9E7629DBCEDD00A7441D = {
			isa = PBXGroup;
			children = (
				93CA9E8129DBCEDD00A7441D /* Readly */,
				93CA9E8029DBCEDD00A7441D /* Products */,
			);
			sourceTree = "<group>";
		};
		93CA9E8029DBCEDD00A7441D /* Products */ = {
			isa = PBXGroup;
			children = (
				93CA9E7F29DBCEDD00A7441D /* Readly.app */,
			);
			name = Products;
			sourceTree = "<group>";
		};
		93CA9E8129DBCEDD00A7441D /* Readly */ = {
			isa = PBXGroup;
			children = (
				93CA9E9029DBD03B00A7441D /* App */,
				93CA9EA329DBDBCB00A7441D /* Core */,
				93CA9E9D29DBDAC200A7441D /* Common */,
				93CA9E9829DBD56F00A7441D /* Modules */,
				93CA9E8629DBCEDE00A7441D /* Assets.xcassets */,
				93CA9E8829DBCEDE00A7441D /* Preview Content */,
			);
			path = Readly;
			sourceTree = "<group>";
		};
		93CA9E8829DBCEDE00A7441D /* Preview Content */ = {
			isa = PBXGroup;
			children = (
				93CA9E8929DBCEDE00A7441D /* Preview Assets.xcassets */,
			);
			path = "Preview Content";
			sourceTree = "<group>";
		};
		93CA9E9029DBD03B00A7441D /* App */ = {
			isa = PBXGroup;
			children = (
				93CA9E8229DBCEDD00A7441D /* ReadlyApp.swift */,
				93CA9E8429DBCEDD00A7441D /* ContentView.swift */,
			);
			path = App;
			sourceTree = "<group>";
		};
		93CA9E9129DBD09300A7441D /* ChallengeList */ = {
			isa = PBXGroup;
			children = (
				93CA9EAE29DC62B200A7441D /* View */,
			);
			path = ChallengeList;
			sourceTree = "<group>";
		};
		93CA9E9729DBD56600A7441D /* Summary */ = {
			isa = PBXGroup;
			children = (
				93CA9E9929DBD58900A7441D /* SummaryView.swift */,
			);
			path = Summary;
			sourceTree = "<group>";
		};
		93CA9E9829DBD56F00A7441D /* Modules */ = {
			isa = PBXGroup;
			children = (
				93CA9EB329DC63B400A7441D /* Challenge */,
				93CA9E9129DBD09300A7441D /* ChallengeList */,
				93CA9EAB29DBE4BF00A7441D /* ChallengeDetail */,
				93CA9E9729DBD56600A7441D /* Summary */,
			);
			path = Modules;
			sourceTree = "<group>";
		};
		93CA9E9D29DBDAC200A7441D /* Common */ = {
			isa = PBXGroup;
			children = (
				93CA9EA029DBDB7C00A7441D /* View */,
			);
			path = Common;
			sourceTree = "<group>";
		};
		93CA9EA029DBDB7C00A7441D /* View */ = {
			isa = PBXGroup;
			children = (
				93CA9EAC29DBE58700A7441D /* LinearProgressIndicator.swift */,
				93E54DCB29DD057E00F725AC /* ObservableScrollView.swift */,
			);
			path = View;
			sourceTree = "<group>";
		};
		93CA9EA329DBDBCB00A7441D /* Core */ = {
			isa = PBXGroup;
			children = (
				93CA9EA829DBDEB700A7441D /* Theme */,
			);
			path = Core;
			sourceTree = "<group>";
		};
		93CA9EA829DBDEB700A7441D /* Theme */ = {
			isa = PBXGroup;
			children = (
				93CA9EA629DBDC0400A7441D /* Shape.swift */,
				93CA9EA429DBDBD900A7441D /* Space.swift */,
			);
			path = Theme;
			sourceTree = "<group>";
		};
		93CA9EAB29DBE4BF00A7441D /* ChallengeDetail */ = {
			isa = PBXGroup;
			children = (
				93CA9EA929DBE3DF00A7441D /* ChallengeDetailView.swift */,
			);
			path = ChallengeDetail;
			sourceTree = "<group>";
		};
		93CA9EAE29DC62B200A7441D /* View */ = {
			isa = PBXGroup;
			children = (
				93CA9E9229DBD0A800A7441D /* ChallengeListView.swift */,
				93E54DCD29DD191400F725AC /* ChallengeAddProgressSheet.swift */,
				93CA9E9E29DBDAE000A7441D /* ChallengeRowCardItem.swift */,
			);
			path = View;
			sourceTree = "<group>";
		};
		93CA9EAF29DC62B800A7441D /* Domain */ = {
			isa = PBXGroup;
			children = (
				93CA9EB029DC62DA00A7441D /* ChallengeModel.swift */,
			);
			path = Domain;
			sourceTree = "<group>";
		};
		93CA9EB329DC63B400A7441D /* Challenge */ = {
			isa = PBXGroup;
			children = (
				93CA9EAF29DC62B800A7441D /* Domain */,
			);
			path = Challenge;
			sourceTree = "<group>";
		};
/* End PBXGroup section */

/* Begin PBXNativeTarget section */
		93CA9E7E29DBCEDD00A7441D /* Readly */ = {
			isa = PBXNativeTarget;
			buildConfigurationList = 93CA9E8D29DBCEDE00A7441D /* Build configuration list for PBXNativeTarget "Readly" */;
			buildPhases = (
				93CA9E7B29DBCEDD00A7441D /* Sources */,
				93CA9E7C29DBCEDD00A7441D /* Frameworks */,
				93CA9E7D29DBCEDD00A7441D /* Resources */,
				93CA9E9629DBD3F200A7441D /* Run SwiftLint Script */,
			);
			buildRules = (
			);
			dependencies = (
			);
			name = Readly;
			productName = Readly;
			productReference = 93CA9E7F29DBCEDD00A7441D /* Readly.app */;
			productType = "com.apple.product-type.application";
		};
/* End PBXNativeTarget section */

/* Begin PBXProject section */
		93CA9E7729DBCEDD00A7441D /* Project object */ = {
			isa = PBXProject;
			attributes = {
				BuildIndependentTargetsInParallel = 1;
				LastSwiftUpdateCheck = 1430;
				LastUpgradeCheck = 1430;
				TargetAttributes = {
					93CA9E7E29DBCEDD00A7441D = {
						CreatedOnToolsVersion = 14.3;
					};
				};
			};
			buildConfigurationList = 93CA9E7A29DBCEDD00A7441D /* Build configuration list for PBXProject "Readly" */;
			compatibilityVersion = "Xcode 14.0";
			developmentRegion = en;
			hasScannedForEncodings = 0;
			knownRegions = (
				en,
				Base,
			);
			mainGroup = 93CA9E7629DBCEDD00A7441D;
			packageReferences = (
			);
			productRefGroup = 93CA9E8029DBCEDD00A7441D /* Products */;
			projectDirPath = "";
			projectRoot = "";
			targets = (
				93CA9E7E29DBCEDD00A7441D /* Readly */,
			);
		};
/* End PBXProject section */

/* Begin PBXResourcesBuildPhase section */
		93CA9E7D29DBCEDD00A7441D /* Resources */ = {
			isa = PBXResourcesBuildPhase;
			buildActionMask = 2147483647;
			files = (
				93CA9E8A29DBCEDE00A7441D /* Preview Assets.xcassets in Resources */,
				93CA9E8729DBCEDE00A7441D /* Assets.xcassets in Resources */,
			);
			runOnlyForDeploymentPostprocessing = 0;
		};
/* End PBXResourcesBuildPhase section */

/* Begin PBXShellScriptBuildPhase section */
		93CA9E9629DBD3F200A7441D /* Run SwiftLint Script */ = {
			isa = PBXShellScriptBuildPhase;
			alwaysOutOfDate = 1;
			buildActionMask = 2147483647;
			files = (
			);
			inputFileListPaths = (
			);
			inputPaths = (
			);
			name = "Run SwiftLint Script";
			outputFileListPaths = (
			);
			outputPaths = (
			);
			runOnlyForDeploymentPostprocessing = 0;
			shellPath = /bin/sh;
			shellScript = "export PATH=\"$PATH:/opt/homebrew/bin\"\nif which swiftlint > /dev/null; then\n  swiftlint\nelse\n  echo \"warning: SwiftLint not installed, download from https://github.com/realm/SwiftLint\"\nfi\n";
		};
/* End PBXShellScriptBuildPhase section */

/* Begin PBXSourcesBuildPhase section */
		93CA9E7B29DBCEDD00A7441D /* Sources */ = {
			isa = PBXSourcesBuildPhase;
			buildActionMask = 2147483647;
			files = (
				93E54DCC29DD057E00F725AC /* ObservableScrollView.swift in Sources */,
				93CA9E8529DBCEDD00A7441D /* ContentView.swift in Sources */,
				93CA9EB129DC62DA00A7441D /* ChallengeModel.swift in Sources */,
				93CA9E9A29DBD58900A7441D /* SummaryView.swift in Sources */,
				93CA9EA529DBDBD900A7441D /* Space.swift in Sources */,
				93CA9E8329DBCEDD00A7441D /* ReadlyApp.swift in Sources */,
				93CA9E9329DBD0A800A7441D /* ChallengeListView.swift in Sources */,
				93CA9EAA29DBE3DF00A7441D /* ChallengeDetailView.swift in Sources */,
				93E54DCE29DD191400F725AC /* ChallengeAddProgressSheet.swift in Sources */,
				93CA9EAD29DBE58700A7441D /* LinearProgressIndicator.swift in Sources */,
				93CA9E9F29DBDAE000A7441D /* ChallengeRowCardItem.swift in Sources */,
				93CA9EA729DBDC0400A7441D /* Shape.swift in Sources */,
			);
			runOnlyForDeploymentPostprocessing = 0;
		};
/* End PBXSourcesBuildPhase section */

/* Begin XCBuildConfiguration section */
		93CA9E8B29DBCEDE00A7441D /* Debug */ = {
			isa = XCBuildConfiguration;
			buildSettings = {
				ALWAYS_SEARCH_USER_PATHS = NO;
				CLANG_ANALYZER_NONNULL = YES;
				CLANG_ANALYZER_NUMBER_OBJECT_CONVERSION = YES_AGGRESSIVE;
				CLANG_CXX_LANGUAGE_STANDARD = "gnu++20";
				CLANG_ENABLE_MODULES = YES;
				CLANG_ENABLE_OBJC_ARC = YES;
				CLANG_ENABLE_OBJC_WEAK = YES;
				CLANG_WARN_BLOCK_CAPTURE_AUTORELEASING = YES;
				CLANG_WARN_BOOL_CONVERSION = YES;
				CLANG_WARN_COMMA = YES;
				CLANG_WARN_CONSTANT_CONVERSION = YES;
				CLANG_WARN_DEPRECATED_OBJC_IMPLEMENTATIONS = YES;
				CLANG_WARN_DIRECT_OBJC_ISA_USAGE = YES_ERROR;
				CLANG_WARN_DOCUMENTATION_COMMENTS = YES;
				CLANG_WARN_EMPTY_BODY = YES;
				CLANG_WARN_ENUM_CONVERSION = YES;
				CLANG_WARN_INFINITE_RECURSION = YES;
				CLANG_WARN_INT_CONVERSION = YES;
				CLANG_WARN_NON_LITERAL_NULL_CONVERSION = YES;
				CLANG_WARN_OBJC_IMPLICIT_RETAIN_SELF = YES;
				CLANG_WARN_OBJC_LITERAL_CONVERSION = YES;
				CLANG_WARN_OBJC_ROOT_CLASS = YES_ERROR;
				CLANG_WARN_QUOTED_INCLUDE_IN_FRAMEWORK_HEADER = YES;
				CLANG_WARN_RANGE_LOOP_ANALYSIS = YES;
				CLANG_WARN_STRICT_PROTOTYPES = YES;
				CLANG_WARN_SUSPICIOUS_MOVE = YES;
				CLANG_WARN_UNGUARDED_AVAILABILITY = YES_AGGRESSIVE;
				CLANG_WARN_UNREACHABLE_CODE = YES;
				CLANG_WARN__DUPLICATE_METHOD_MATCH = YES;
				COPY_PHASE_STRIP = NO;
				DEBUG_INFORMATION_FORMAT = dwarf;
				ENABLE_STRICT_OBJC_MSGSEND = YES;
				ENABLE_TESTABILITY = YES;
				GCC_C_LANGUAGE_STANDARD = gnu11;
				GCC_DYNAMIC_NO_PIC = NO;
				GCC_NO_COMMON_BLOCKS = YES;
				GCC_OPTIMIZATION_LEVEL = 0;
				GCC_PREPROCESSOR_DEFINITIONS = (
					"DEBUG=1",
					"$(inherited)",
				);
				GCC_WARN_64_TO_32_BIT_CONVERSION = YES;
				GCC_WARN_ABOUT_RETURN_TYPE = YES_ERROR;
				GCC_WARN_UNDECLARED_SELECTOR = YES;
				GCC_WARN_UNINITIALIZED_AUTOS = YES_AGGRESSIVE;
				GCC_WARN_UNUSED_FUNCTION = YES;
				GCC_WARN_UNUSED_VARIABLE = YES;
				IPHONEOS_DEPLOYMENT_TARGET = 16.4;
				MTL_ENABLE_DEBUG_INFO = INCLUDE_SOURCE;
				MTL_FAST_MATH = YES;
				ONLY_ACTIVE_ARCH = YES;
				SDKROOT = iphoneos;
				SWIFT_ACTIVE_COMPILATION_CONDITIONS = DEBUG;
				SWIFT_OPTIMIZATION_LEVEL = "-Onone";
			};
			name = Debug;
		};
		93CA9E8C29DBCEDE00A7441D /* Release */ = {
			isa = XCBuildConfiguration;
			buildSettings = {
				ALWAYS_SEARCH_USER_PATHS = NO;
				CLANG_ANALYZER_NONNULL = YES;
				CLANG_ANALYZER_NUMBER_OBJECT_CONVERSION = YES_AGGRESSIVE;
				CLANG_CXX_LANGUAGE_STANDARD = "gnu++20";
				CLANG_ENABLE_MODULES = YES;
				CLANG_ENABLE_OBJC_ARC = YES;
				CLANG_ENABLE_OBJC_WEAK = YES;
				CLANG_WARN_BLOCK_CAPTURE_AUTORELEASING = YES;
				CLANG_WARN_BOOL_CONVERSION = YES;
				CLANG_WARN_COMMA = YES;
				CLANG_WARN_CONSTANT_CONVERSION = YES;
				CLANG_WARN_DEPRECATED_OBJC_IMPLEMENTATIONS = YES;
				CLANG_WARN_DIRECT_OBJC_ISA_USAGE = YES_ERROR;
				CLANG_WARN_DOCUMENTATION_COMMENTS = YES;
				CLANG_WARN_EMPTY_BODY = YES;
				CLANG_WARN_ENUM_CONVERSION = YES;
				CLANG_WARN_INFINITE_RECURSION = YES;
				CLANG_WARN_INT_CONVERSION = YES;
				CLANG_WARN_NON_LITERAL_NULL_CONVERSION = YES;
				CLANG_WARN_OBJC_IMPLICIT_RETAIN_SELF = YES;
				CLANG_WARN_OBJC_LITERAL_CONVERSION = YES;
				CLANG_WARN_OBJC_ROOT_CLASS = YES_ERROR;
				CLANG_WARN_QUOTED_INCLUDE_IN_FRAMEWORK_HEADER = YES;
				CLANG_WARN_RANGE_LOOP_ANALYSIS = YES;
				CLANG_WARN_STRICT_PROTOTYPES = YES;
				CLANG_WARN_SUSPICIOUS_MOVE = YES;
				CLANG_WARN_UNGUARDED_AVAILABILITY = YES_AGGRESSIVE;
				CLANG_WARN_UNREACHABLE_CODE = YES;
				CLANG_WARN__DUPLICATE_METHOD_MATCH = YES;
				COPY_PHASE_STRIP = NO;
				DEBUG_INFORMATION_FORMAT = "dwarf-with-dsym";
				ENABLE_NS_ASSERTIONS = NO;
				ENABLE_STRICT_OBJC_MSGSEND = YES;
				GCC_C_LANGUAGE_STANDARD = gnu11;
				GCC_NO_COMMON_BLOCKS = YES;
				GCC_WARN_64_TO_32_BIT_CONVERSION = YES;
				GCC_WARN_ABOUT_RETURN_TYPE = YES_ERROR;
				GCC_WARN_UNDECLARED_SELECTOR = YES;
				GCC_WARN_UNINITIALIZED_AUTOS = YES_AGGRESSIVE;
				GCC_WARN_UNUSED_FUNCTION = YES;
				GCC_WARN_UNUSED_VARIABLE = YES;
				IPHONEOS_DEPLOYMENT_TARGET = 16.4;
				MTL_ENABLE_DEBUG_INFO = NO;
				MTL_FAST_MATH = YES;
				SDKROOT = iphoneos;
				SWIFT_COMPILATION_MODE = wholemodule;
				SWIFT_OPTIMIZATION_LEVEL = "-O";
				VALIDATE_PRODUCT = YES;
			};
			name = Release;
		};
		93CA9E8E29DBCEDE00A7441D /* Debug */ = {
			isa = XCBuildConfiguration;
			buildSettings = {
				ASSETCATALOG_COMPILER_APPICON_NAME = AppIcon;
				ASSETCATALOG_COMPILER_GLOBAL_ACCENT_COLOR_NAME = AccentColor;
				CODE_SIGN_STYLE = Automatic;
				CURRENT_PROJECT_VERSION = 1;
				DEVELOPMENT_ASSET_PATHS = "\"Readly/Preview Content\"";
				DEVELOPMENT_TEAM = A43BFTSZWQ;
				ENABLE_PREVIEWS = YES;
				GENERATE_INFOPLIST_FILE = YES;
				INFOPLIST_KEY_UIApplicationSceneManifest_Generation = YES;
				INFOPLIST_KEY_UIApplicationSupportsIndirectInputEvents = YES;
				INFOPLIST_KEY_UILaunchScreen_Generation = YES;
				INFOPLIST_KEY_UISupportedInterfaceOrientations_iPad = "UIInterfaceOrientationPortrait UIInterfaceOrientationPortraitUpsideDown UIInterfaceOrientationLandscapeLeft UIInterfaceOrientationLandscapeRight";
				INFOPLIST_KEY_UISupportedInterfaceOrientations_iPhone = "UIInterfaceOrientationPortrait UIInterfaceOrientationLandscapeLeft UIInterfaceOrientationLandscapeRight";
				LD_RUNPATH_SEARCH_PATHS = (
					"$(inherited)",
					"@executable_path/Frameworks",
				);
				MARKETING_VERSION = 1.0;
				PRODUCT_BUNDLE_IDENTIFIER = com.sneaky.Readly;
				PRODUCT_NAME = "$(TARGET_NAME)";
				SWIFT_EMIT_LOC_STRINGS = YES;
				SWIFT_VERSION = 5.0;
				TARGETED_DEVICE_FAMILY = "1,2";
			};
			name = Debug;
		};
		93CA9E8F29DBCEDE00A7441D /* Release */ = {
			isa = XCBuildConfiguration;
			buildSettings = {
				ASSETCATALOG_COMPILER_APPICON_NAME = AppIcon;
				ASSETCATALOG_COMPILER_GLOBAL_ACCENT_COLOR_NAME = AccentColor;
				CODE_SIGN_STYLE = Automatic;
				CURRENT_PROJECT_VERSION = 1;
				DEVELOPMENT_ASSET_PATHS = "\"Readly/Preview Content\"";
				DEVELOPMENT_TEAM = A43BFTSZWQ;
				ENABLE_PREVIEWS = YES;
				GENERATE_INFOPLIST_FILE = YES;
				INFOPLIST_KEY_UIApplicationSceneManifest_Generation = YES;
				INFOPLIST_KEY_UIApplicationSupportsIndirectInputEvents = YES;
				INFOPLIST_KEY_UILaunchScreen_Generation = YES;
				INFOPLIST_KEY_UISupportedInterfaceOrientations_iPad = "UIInterfaceOrientationPortrait UIInterfaceOrientationPortraitUpsideDown UIInterfaceOrientationLandscapeLeft UIInterfaceOrientationLandscapeRight";
				INFOPLIST_KEY_UISupportedInterfaceOrientations_iPhone = "UIInterfaceOrientationPortrait UIInterfaceOrientationLandscapeLeft UIInterfaceOrientationLandscapeRight";
				LD_RUNPATH_SEARCH_PATHS = (
					"$(inherited)",
					"@executable_path/Frameworks",
				);
				MARKETING_VERSION = 1.0;
				PRODUCT_BUNDLE_IDENTIFIER = com.sneaky.Readly;
				PRODUCT_NAME = "$(TARGET_NAME)";
				SWIFT_EMIT_LOC_STRINGS = YES;
				SWIFT_VERSION = 5.0;
				TARGETED_DEVICE_FAMILY = "1,2";
			};
			name = Release;
		};
/* End XCBuildConfiguration section */

/* Begin XCConfigurationList section */
		93CA9E7A29DBCEDD00A7441D /* Build configuration list for PBXProject "Readly" */ = {
			isa = XCConfigurationList;
			buildConfigurations = (
				93CA9E8B29DBCEDE00A7441D /* Debug */,
				93CA9E8C29DBCEDE00A7441D /* Release */,
			);
			defaultConfigurationIsVisible = 0;
			defaultConfigurationName = Release;
		};
		93CA9E8D29DBCEDE00A7441D /* Build configuration list for PBXNativeTarget "Readly" */ = {
			isa = XCConfigurationList;
			buildConfigurations = (
				93CA9E8E29DBCEDE00A7441D /* Debug */,
				93CA9E8F29DBCEDE00A7441D /* Release */,
			);
			defaultConfigurationIsVisible = 0;
			defaultConfigurationName = Release;
		};
/* End XCConfigurationList section */
	};
	rootObject = 93CA9E7729DBCEDD00A7441D /* Project object */;
}
